# THIS IS AN AUTOGENERATED FILE. DO NOT EDIT THIS FILE DIRECTLY.
# yarn lockfile v1


"@types/async@2.0.49":
  version "2.0.49"
  resolved "https://registry.yarnpkg.com/@types/async/-/async-2.0.49.tgz#92e33d13f74c895cb9a7f38ba97db8431ed14bc0"

"@types/graphql@0.12.6":
  version "0.12.6"
  resolved "https://registry.yarnpkg.com/@types/graphql/-/graphql-0.12.6.tgz#3d619198585fcabe5f4e1adfb5cf5f3388c66c13"

"@types/zen-observable@^0.5.3":
  version "0.5.4"
  resolved "https://registry.yarnpkg.com/@types/zen-observable/-/zen-observable-0.5.4.tgz#b863a4191e525206819e008097ebf0fb2e3a1cdc"

apollo-cache-inmemory@^1.2.5:
  version "1.2.5"
  resolved "https://registry.yarnpkg.com/apollo-cache-inmemory/-/apollo-cache-inmemory-1.2.5.tgz#b57951947b1db486a60db11c7dcfc6b112e5abe9"
  dependencies:
    apollo-cache "^1.1.12"
    apollo-utilities "^1.0.16"
    graphql-anywhere "^4.1.14"

apollo-cache@^1.1.12:
  version "1.1.12"
  resolved "https://registry.yarnpkg.com/apollo-cache/-/apollo-cache-1.1.12.tgz#070015c9051b2ebb69676beb10466a9c0b259f91"
  dependencies:
    apollo-utilities "^1.0.16"

apollo-client@^2.3.5:
  version "2.3.5"
  resolved "https://registry.yarnpkg.com/apollo-client/-/apollo-client-2.3.5.tgz#74b62bd7e7bd7030d01c35e2e221ed65a807af23"
  dependencies:
    "@types/zen-observable" "^0.5.3"
    apollo-cache "^1.1.12"
    apollo-link "^1.0.0"
    apollo-link-dedup "^1.0.0"
    apollo-utilities "^1.0.16"
    symbol-observable "^1.0.2"
    zen-observable "^0.8.0"
  optionalDependencies:
    "@types/async" "2.0.49"

apollo-link-dedup@^1.0.0:
  version "1.0.9"
  resolved "https://registry.yarnpkg.com/apollo-link-dedup/-/apollo-link-dedup-1.0.9.tgz#3c4e4af88ef027cbddfdb857c043fd0574051dad"
  dependencies:
    apollo-link "^1.2.2"

apollo-link-http-common@^0.2.4:
  version "0.2.4"
  resolved "https://registry.yarnpkg.com/apollo-link-http-common/-/apollo-link-http-common-0.2.4.tgz#877603f7904dc8f70242cac61808b1f8d034b2c3"
  dependencies:
    apollo-link "^1.2.2"

apollo-link-http@^1.5.4:
  version "1.5.4"
  resolved "https://registry.yarnpkg.com/apollo-link-http/-/apollo-link-http-1.5.4.tgz#b80b7b4b342c655b6a5614624b076a36be368f43"
  dependencies:
    apollo-link "^1.2.2"
    apollo-link-http-common "^0.2.4"

apollo-link@^1.0.0, apollo-link@^1.2.2:
  version "1.2.2"
  resolved "https://registry.yarnpkg.com/apollo-link/-/apollo-link-1.2.2.tgz#54c84199b18ac1af8d63553a68ca389c05217a03"
  dependencies:
    "@types/graphql" "0.12.6"
    apollo-utilities "^1.0.0"
    zen-observable-ts "^0.8.9"

apollo-utilities@^1.0.0, apollo-utilities@^1.0.16:
  version "1.0.16"
  resolved "https://registry.yarnpkg.com/apollo-utilities/-/apollo-utilities-1.0.16.tgz#787310df4c3900a68c0beb3d351c59725a588cdb"
  dependencies:
    fast-json-stable-stringify "^2.0.0"

fast-json-stable-stringify@^2.0.0:
  version "2.0.0"
  resolved "https://registry.yarnpkg.com/fast-json-stable-stringify/-/fast-json-stable-stringify-2.0.0.tgz#d5142c0caee6b1189f87d3a76111064f86c8bbf2"

graphql-anywhere@^4.1.14:
  version "4.1.14"
  resolved "https://registry.yarnpkg.com/graphql-anywhere/-/graphql-anywhere-4.1.14.tgz#89664cb885faaec1cbc66905351fadae8cc85a04"
  dependencies:
    apollo-utilities "^1.0.16"

graphql-tag@^2.9.2:
  version "2.9.2"
  resolved "https://registry.yarnpkg.com/graphql-tag/-/graphql-tag-2.9.2.tgz#2f60a5a981375f430bf1e6e95992427dc18af686"

graphql@^0.13.2:
  version "0.13.2"
  resolved "https://registry.yarnpkg.com/graphql/-/graphql-0.13.2.tgz#4c740ae3c222823e7004096f832e7b93b2108270"
  dependencies:
    iterall "^1.2.1"

iterall@^1.2.1:
  version "1.2.2"
  resolved "https://registry.yarnpkg.com/iterall/-/iterall-1.2.2.tgz#92d70deb8028e0c39ff3164fdbf4d8b088130cd7"

node-fetch@^2.1.2:
  version "2.1.2"
  resolved "https://registry.yarnpkg.com/node-fetch/-/node-fetch-2.1.2.tgz#ab884e8e7e57e38a944753cec706f788d1768bb5"

nodemailer@^4.6.7:
  version "4.6.7"
  resolved "https://registry.yarnpkg.com/nodemailer/-/nodemailer-4.6.7.tgz#b68de7f36d65618bdeeeb76234e3547d51266373"

symbol-observable@^1.0.2:
  version "1.2.0"
  resolved "https://registry.yarnpkg.com/symbol-observable/-/symbol-observable-1.2.0.tgz#c22688aed4eab3cdc2dfeacbb561660560a00804"

zen-observable-ts@^0.8.9:
  version "0.8.9"
  resolved "https://registry.yarnpkg.com/zen-observable-ts/-/zen-observable-ts-0.8.9.tgz#d3c97af08c0afdca37ebcadf7cc3ee96bda9bab1"
  dependencies:
    zen-observable "^0.8.0"

zen-observable@^0.8.0:
  version "0.8.8"
  resolved "https://registry.yarnpkg.com/zen-observable/-/zen-observable-0.8.8.tgz#1ea93995bf098754a58215a1e0a7309e5749ec42"
